#MicroXplorer Configuration settings - do not modify
Mcu.Family=STM32F0
VP_SYS_VS_PINREMAP.Mode=PINREMAP
ProjectManager.MainLocation=Core/Src
PCC.Seq0.Step0.Category=In DS Table
RCC.I2SFreq_Value=48000000
PCC.Series=STM32F0
RCC.USART1Freq_Value=48000000
ProjectManager.ProjectFileName=backbeams.ioc
ProjectManager.KeepUserCode=true
Mcu.UserName=STM32F042F4Px
Mcu.PinsNb=9
PCC.Seq0.Step0.Average_Current=15.05 mA
PCC.Vdd=3.6
ProjectManager.NoMain=false
PCC.Seq0.Step0.CPU_Frequency=48 MHz
PCC.Seq0.Step0.User's_Consumption=0 mA
RCC.PLLCLKFreq_Value=16000000
Dma.TIM3_CH1/TRIG.0.MemDataAlignment=DMA_MDATAALIGN_HALFWORD
Dma.TIM3_CH1/TRIG.0.PeriphInc=DMA_PINC_DISABLE
ProjectManager.functionlistsort=1-MX_GPIO_Init-GPIO-false-HAL-true,2-MX_DMA_Init-DMA-false-HAL-true,3-SystemClock_Config-RCC-false-HAL-false,4-MX_CAN_Init-CAN-false-HAL-true,5-MX_TIM3_Init-TIM3-false-HAL-true,6-MX_TIM2_Init-TIM2-false-HAL-true
ProjectManager.DefaultFWLocation=true
Dma.TIM3_CH1/TRIG.0.MemInc=DMA_MINC_ENABLE
NVIC.SVC_IRQn=true\:0\:0\:false\:false\:true\:false\:false
ProjectManager.DeletePrevious=true
VP_SYS_VS_PINREMAP.Signal=SYS_VS_PINREMAP
PCC.Line=STM32F0x2
PinOutPanel.RotationAngle=0
RCC.FamilyName=M
RCC.SYSCLKSource=RCC_SYSCLKSOURCE_HSI48
ProjectManager.StackSize=0x400
PA13.Signal=SYS_SWDIO
Mcu.IP4=SYS
RCC.FCLKCortexFreq_Value=48000000
Mcu.IP5=TIM2
Mcu.IP2=NVIC
Mcu.IP3=RCC
PCC.Seq0.Step0.TaMax=100.88
Mcu.IP0=CAN
PCC.MCU=STM32F042F4Px
Mcu.IP1=DMA
PA12.Signal=CAN_TX
CAN.BS2=CAN_BS2_3TQ
CAN.Prescaler=16
CAN.BS1=CAN_BS1_8TQ
PCC.PartNumber=STM32F042F4Px
Mcu.UserConstants=
ProjectManager.TargetToolchain=STM32CubeIDE
Mcu.ThirdPartyNb=0
PCC.Seq0.Step0.Mode=RUN
RCC.HCLKFreq_Value=48000000
Mcu.IPNb=7
TIM2.IPParameters=Prescaler,Period
ProjectManager.PreviousToolchain=STM32CubeIDE
TIM3.Period=59
Mcu.Pin6=VP_SYS_VS_Systick
Mcu.Pin7=VP_TIM2_VS_ClockSourceINT
VP_TIM2_VS_ClockSourceINT.Signal=TIM2_VS_ClockSourceINT
Mcu.Pin8=VP_TIM3_VS_ClockSourceINT
VP_TIM3_VS_ClockSourceINT.Signal=TIM3_VS_ClockSourceINT
RCC.AHBFreq_Value=48000000
Mcu.Pin0=PB8
Mcu.Pin1=PA6
TIM3.Channel-PWM\ Generation1\ CH1=TIM_CHANNEL_1
GPIO.groupedBy=Group By Peripherals
Mcu.Pin2=PA12
Mcu.Pin3=PA13
Mcu.Pin4=PA14
Mcu.Pin5=VP_SYS_VS_PINREMAP
ProjectManager.ProjectBuild=false
board=custom
PCC.Seq0.Step0.Voltage_Source=Vbus
PCC.Temperature=25
PCC.Seq0.Step0.DMIPS=0.0
NVIC.SysTick_IRQn=true\:0\:0\:false\:false\:true\:false\:true
ProjectManager.LastFirmware=true
NVIC.DMA1_Channel4_5_IRQn=true\:0\:0\:false\:false\:true\:false\:true
RCC.VCOOutput2Freq_Value=8000000
ProjectManager.FirmwarePackage=STM32Cube FW_F0 V1.11.0
MxDb.Version=DB.5.0.60
PCC.Seq0.Step0.Frequency=48 MHz
ProjectManager.BackupPrevious=false
PCC.Seq0.Step0.Vcore=No Scale
MxCube.Version=5.6.1
Dma.TIM3_CH1/TRIG.0.PeriphDataAlignment=DMA_PDATAALIGN_HALFWORD
VP_TIM2_VS_ClockSourceINT.Mode=Internal
PA14.Mode=Serial_Wire
Dma.TIM3_CH1/TRIG.0.Priority=DMA_PRIORITY_HIGH
NVIC.TIM2_IRQn=true\:0\:0\:false\:false\:true\:true\:true
File.Version=6
VP_SYS_VS_Systick.Mode=SysTick
TIM3.IPParameters=Period,Channel-PWM Generation1 CH1
NVIC.NonMaskableInt_IRQn=true\:0\:0\:false\:false\:true\:false\:false
CAN.IPParameters=CalculateTimeQuantum,Prescaler,BS2,BS1
NVIC.PendSV_IRQn=true\:0\:0\:false\:false\:true\:false\:false
SH.S_TIM3_CH1.0=TIM3_CH1,PWM Generation1 CH1
TIM2.Period=1000
PA13.Mode=Serial_Wire
ProjectManager.FreePins=false
RCC.IPParameters=AHBFreq_Value,APB1Freq_Value,APB1TimFreq_Value,CECFreq_Value,FCLKCortexFreq_Value,FamilyName,HCLKFreq_Value,HSICECFreq_Value,I2SFreq_Value,PLLCLKFreq_Value,SYSCLKFreq_VALUE,SYSCLKSource,TimSysFreq_Value,USART1Freq_Value,VCOOutput2Freq_Value
ProjectManager.AskForMigrate=true
Mcu.Name=STM32F042F4Px
Dma.RequestsNb=1
CAN.CalculateTimeQuantum=333.3333333333333
ProjectManager.HalAssertFull=false
ProjectManager.ProjectName=backbeams
ProjectManager.UnderRoot=true
RCC.HSICECFreq_Value=32786.88524590164
Mcu.IP6=TIM3
Dma.TIM3_CH1/TRIG.0.Mode=DMA_NORMAL
ProjectManager.CoupleFile=false
PCC.Seq0.Step0.Memory=FLASH
PCC.Seq0.Step0.Oscillator=HSI
NVIC.CEC_CAN_IRQn=true\:0\:0\:false\:false\:true\:true\:true
RCC.SYSCLKFreq_VALUE=48000000
Mcu.Package=TSSOP20
TIM2.Prescaler=4800
PA6.Signal=S_TIM3_CH1
RCC.TimSysFreq_Value=48000000
PA12.Mode=Master
NVIC.ForceEnableDMAVector=true
KeepUserPlacement=false
Dma.TIM3_CH1/TRIG.0.Direction=DMA_MEMORY_TO_PERIPH
ProjectManager.CompilerOptimize=6
ProjectManager.ToolChainLocation=
Dma.TIM3_CH1/TRIG.0.RequestParameters=Instance,Direction,PeriphInc,MemInc,PeriphDataAlignment,MemDataAlignment,Mode,Priority
VP_SYS_VS_Systick.Signal=SYS_VS_Systick
PA14.Signal=SYS_SWCLK
ProjectManager.HeapSize=0x200
NVIC.HardFault_IRQn=true\:0\:0\:false\:false\:true\:false\:false
PCC.Checker=false
SH.S_TIM3_CH1.ConfNb=1
ProjectManager.ComputerToolchain=false
PCC.Seq0.Step0.Duration=1 ms
Dma.TIM3_CH1/TRIG.0.Instance=DMA1_Channel4
PB8.Mode=Master
RCC.CECFreq_Value=32786.88524590164
RCC.APB1TimFreq_Value=48000000
PB8.Signal=CAN_RX
PCC.Seq0.Step0.Peripherals=CAN GPIOA GPIOB SYS TIM3
PCC.Seq0.Step0.Vdd=3.6
PCC.Seq0=1
Dma.Request0=TIM3_CH1/TRIG
RCC.APB1Freq_Value=48000000
ProjectManager.CustomerFirmwarePackage=
VP_TIM3_VS_ClockSourceINT.Mode=Internal
ProjectManager.DeviceId=STM32F042F4Px
ProjectManager.LibraryCopy=1
isbadioc=false
